// !$*UTF8*$!
{
	archiveVersion = 1;
	classes = {
	};
	objectVersion = 50;
	objects = {

/* Begin PBXBuildFile section */
		5560F9F5249498C700B7E0C9 /* CreditCardUtilityTests.swift in Sources */ = {isa = PBXBuildFile; fileRef = 5560F9F4249498C700B7E0C9 /* CreditCardUtilityTests.swift */; };
		5589FD7D249485BA00D87E9B /* AppDelegate.swift in Sources */ = {isa = PBXBuildFile; fileRef = 5589FD7C249485BA00D87E9B /* AppDelegate.swift */; };
		5589FD7F249485BA00D87E9B /* SceneDelegate.swift in Sources */ = {isa = PBXBuildFile; fileRef = 5589FD7E249485BA00D87E9B /* SceneDelegate.swift */; };
		5589FD81249485BA00D87E9B /* ViewController.swift in Sources */ = {isa = PBXBuildFile; fileRef = 5589FD80249485BA00D87E9B /* ViewController.swift */; };
		5589FD84249485BA00D87E9B /* Main.storyboard in Resources */ = {isa = PBXBuildFile; fileRef = 5589FD82249485BA00D87E9B /* Main.storyboard */; };
		5589FD86249485BC00D87E9B /* Assets.xcassets in Resources */ = {isa = PBXBuildFile; fileRef = 5589FD85249485BC00D87E9B /* Assets.xcassets */; };
		5589FD89249485BC00D87E9B /* LaunchScreen.storyboard in Resources */ = {isa = PBXBuildFile; fileRef = 5589FD87249485BC00D87E9B /* LaunchScreen.storyboard */; };
		5589FD94249485BD00D87E9B /* ValidationDemoTests.swift in Sources */ = {isa = PBXBuildFile; fileRef = 5589FD93249485BD00D87E9B /* ValidationDemoTests.swift */; };
		5589FD9F249488C400D87E9B /* CreditCardUtility.swift in Sources */ = {isa = PBXBuildFile; fileRef = 5589FD9E249488C400D87E9B /* CreditCardUtility.swift */; };
		55C994F6249553740037976F /* card-amex.png in Resources */ = {isa = PBXBuildFile; fileRef = 55C994F5249553740037976F /* card-amex.png */; };
		55C994FA249553BB0037976F /* card-mastercard.png in Resources */ = {isa = PBXBuildFile; fileRef = 55C994F9249553BB0037976F /* card-mastercard.png */; };
		55C994FC249555310037976F /* card-visa.png in Resources */ = {isa = PBXBuildFile; fileRef = 55C994FB249555310037976F /* card-visa.png */; };
/* End PBXBuildFile section */

/* Begin PBXContainerItemProxy section */
		5589FD90249485BD00D87E9B /* PBXContainerItemProxy */ = {
			isa = PBXContainerItemProxy;
			containerPortal = 5589FD71249485BA00D87E9B /* Project object */;
			proxyType = 1;
			remoteGlobalIDString = 5589FD78249485BA00D87E9B;
			remoteInfo = ValidationDemo;
		};
/* End PBXContainerItemProxy section */

/* Begin PBXFileReference section */
		5560F9F4249498C700B7E0C9 /* CreditCardUtilityTests.swift */ = {isa = PBXFileReference; lastKnownFileType = sourcecode.swift; path = CreditCardUtilityTests.swift; sourceTree = "<group>"; };
		5589FD79249485BA00D87E9B /* ValidationDemo.app */ = {isa = PBXFileReference; explicitFileType = wrapper.application; includeInIndex = 0; path = ValidationDemo.app; sourceTree = BUILT_PRODUCTS_DIR; };
		5589FD7C249485BA00D87E9B /* AppDelegate.swift */ = {isa = PBXFileReference; lastKnownFileType = sourcecode.swift; path = AppDelegate.swift; sourceTree = "<group>"; };
		5589FD7E249485BA00D87E9B /* SceneDelegate.swift */ = {isa = PBXFileReference; lastKnownFileType = sourcecode.swift; path = SceneDelegate.swift; sourceTree = "<group>"; };
		5589FD80249485BA00D87E9B /* ViewController.swift */ = {isa = PBXFileReference; lastKnownFileType = sourcecode.swift; path = ViewController.swift; sourceTree = "<group>"; };
		5589FD83249485BA00D87E9B /* Base */ = {isa = PBXFileReference; lastKnownFileType = file.storyboard; name = Base; path = Base.lproj/Main.storyboard; sourceTree = "<group>"; };
		5589FD85249485BC00D87E9B /* Assets.xcassets */ = {isa = PBXFileReference; lastKnownFileType = folder.assetcatalog; path = Assets.xcassets; sourceTree = "<group>"; };
		5589FD88249485BC00D87E9B /* Base */ = {isa = PBXFileReference; lastKnownFileType = file.storyboard; name = Base; path = Base.lproj/LaunchScreen.storyboard; sourceTree = "<group>"; };
		5589FD8A249485BC00D87E9B /* Info.plist */ = {isa = PBXFileReference; lastKnownFileType = text.plist.xml; path = Info.plist; sourceTree = "<group>"; };
		5589FD8F249485BD00D87E9B /* ValidationDemoTests.xctest */ = {isa = PBXFileReference; explicitFileType = wrapper.cfbundle; includeInIndex = 0; path = ValidationDemoTests.xctest; sourceTree = BUILT_PRODUCTS_DIR; };
		5589FD93249485BD00D87E9B /* ValidationDemoTests.swift */ = {isa = PBXFileReference; lastKnownFileType = sourcecode.swift; path = ValidationDemoTests.swift; sourceTree = "<group>"; };
		5589FD95249485BD00D87E9B /* Info.plist */ = {isa = PBXFileReference; lastKnownFileType = text.plist.xml; path = Info.plist; sourceTree = "<group>"; };
		5589FD9E249488C400D87E9B /* CreditCardUtility.swift */ = {isa = PBXFileReference; lastKnownFileType = sourcecode.swift; path = CreditCardUtility.swift; sourceTree = SOURCE_ROOT; };
		55C994F5249553740037976F /* card-amex.png */ = {isa = PBXFileReference; lastKnownFileType = image.png; path = "card-amex.png"; sourceTree = "<group>"; };
		55C994F9249553BB0037976F /* card-mastercard.png */ = {isa = PBXFileReference; lastKnownFileType = image.png; path = "card-mastercard.png"; sourceTree = "<group>"; };
		55C994FB249555310037976F /* card-visa.png */ = {isa = PBXFileReference; lastKnownFileType = image.png; path = "card-visa.png"; sourceTree = "<group>"; };
/* End PBXFileReference section */

/* Begin PBXFrameworksBuildPhase section */
		5589FD76249485BA00D87E9B /* Frameworks */ = {
			isa = PBXFrameworksBuildPhase;
			buildActionMask = 2147483647;
			files = (
			);
			runOnlyForDeploymentPostprocessing = 0;
		};
		5589FD8C249485BD00D87E9B /* Frameworks */ = {
			isa = PBXFrameworksBuildPhase;
			buildActionMask = 2147483647;
			files = (
			);
			runOnlyForDeploymentPostprocessing = 0;
		};
/* End PBXFrameworksBuildPhase section */

/* Begin PBXGroup section */
		5589FD70249485BA00D87E9B = {
			isa = PBXGroup;
			children = (
				5589FD7B249485BA00D87E9B /* ValidationDemo */,
				5589FD92249485BD00D87E9B /* ValidationDemoTests */,
				5589FD7A249485BA00D87E9B /* Products */,
			);
			sourceTree = "<group>";
		};
		5589FD7A249485BA00D87E9B /* Products */ = {
			isa = PBXGroup;
			children = (
				5589FD79249485BA00D87E9B /* ValidationDemo.app */,
				5589FD8F249485BD00D87E9B /* ValidationDemoTests.xctest */,
			);
			name = Products;
			sourceTree = "<group>";
		};
		5589FD7B249485BA00D87E9B /* ValidationDemo */ = {
			isa = PBXGroup;
			children = (
				55C994F42495536A0037976F /* Images */,
				5589FD7C249485BA00D87E9B /* AppDelegate.swift */,
				5589FD7E249485BA00D87E9B /* SceneDelegate.swift */,
				5589FD80249485BA00D87E9B /* ViewController.swift */,
				5589FD9E249488C400D87E9B /* CreditCardUtility.swift */,
				5589FD82249485BA00D87E9B /* Main.storyboard */,
				5589FD85249485BC00D87E9B /* Assets.xcassets */,
				5589FD87249485BC00D87E9B /* LaunchScreen.storyboard */,
				5589FD8A249485BC00D87E9B /* Info.plist */,
			);
			path = ValidationDemo;
			sourceTree = "<group>";
		};
		5589FD92249485BD00D87E9B /* ValidationDemoTests */ = {
			isa = PBXGroup;
			children = (
				5589FD93249485BD00D87E9B /* ValidationDemoTests.swift */,
				5560F9F4249498C700B7E0C9 /* CreditCardUtilityTests.swift */,
				5589FD95249485BD00D87E9B /* Info.plist */,
			);
			path = ValidationDemoTests;
			sourceTree = "<group>";
		};
		55C994F42495536A0037976F /* Images */ = {
			isa = PBXGroup;
			children = (
				55C994F5249553740037976F /* card-amex.png */,
				55C994F9249553BB0037976F /* card-mastercard.png */,
				55C994FB249555310037976F /* card-visa.png */,
			);
			path = Images;
			sourceTree = "<group>";
		};
/* End PBXGroup section */

/* Begin PBXNativeTarget section */
		5589FD78249485BA00D87E9B /* ValidationDemo */ = {
			isa = PBXNativeTarget;
			buildConfigurationList = 5589FD98249485BD00D87E9B /* Build configuration list for PBXNativeTarget "ValidationDemo" */;
			buildPhases = (
				5589FD75249485BA00D87E9B /* Sources */,
				5589FD76249485BA00D87E9B /* Frameworks */,
				5589FD77249485BA00D87E9B /* Resources */,
			);
			buildRules = (
			);
			dependencies = (
			);
			name = ValidationDemo;
			productName = ValidationDemo;
			productReference = 5589FD79249485BA00D87E9B /* ValidationDemo.app */;
			productType = "com.apple.product-type.application";
		};
		5589FD8E249485BD00D87E9B /* ValidationDemoTests */ = {
			isa = PBXNativeTarget;
			buildConfigurationList = 5589FD9B249485BD00D87E9B /* Build configuration list for PBXNativeTarget "ValidationDemoTests" */;
			buildPhases = (
				5589FD8B249485BD00D87E9B /* Sources */,
				5589FD8C249485BD00D87E9B /* Frameworks */,
				5589FD8D249485BD00D87E9B /* Resources */,
			);
			buildRules = (
			);
			dependencies = (
				5589FD91249485BD00D87E9B /* PBXTargetDependency */,
			);
			name = ValidationDemoTests;
			productName = ValidationDemoTests;
			productReference = 5589FD8F249485BD00D87E9B /* ValidationDemoTests.xctest */;
			productType = "com.apple.product-type.bundle.unit-test";
		};
/* End PBXNativeTarget section */

/* Begin PBXProject section */
		5589FD71249485BA00D87E9B /* Project object */ = {
			isa = PBXProject;
			attributes = {
				LastSwiftUpdateCheck = 1150;
				LastUpgradeCheck = 1150;
				ORGANIZATIONNAME = "Adrian Bolinger";
				TargetAttributes = {
					5589FD78249485BA00D87E9B = {
						CreatedOnToolsVersion = 11.5;
					};
					5589FD8E249485BD00D87E9B = {
						CreatedOnToolsVersion = 11.5;
						TestTargetID = 5589FD78249485BA00D87E9B;
					};
				};
			};
			buildConfigurationList = 5589FD74249485BA00D87E9B /* Build configuration list for PBXProject "ValidationDemo" */;
			compatibilityVersion = "Xcode 9.3";
			developmentRegion = en;
			hasScannedForEncodings = 0;
			knownRegions = (
				en,
				Base,
			);
			mainGroup = 5589FD70249485BA00D87E9B;
			productRefGroup = 5589FD7A249485BA00D87E9B /* Products */;
			projectDirPath = "";
			projectRoot = "";
			targets = (
				5589FD78249485BA00D87E9B /* ValidationDemo */,
				5589FD8E249485BD00D87E9B /* ValidationDemoTests */,
			);
		};
/* End PBXProject section */

/* Begin PBXResourcesBuildPhase section */
		5589FD77249485BA00D87E9B /* Resources */ = {
			isa = PBXResourcesBuildPhase;
			buildActionMask = 2147483647;
			files = (
				55C994F6249553740037976F /* card-amex.png in Resources */,
				5589FD89249485BC00D87E9B /* LaunchScreen.storyboard in Resources */,
				55C994FC249555310037976F /* card-visa.png in Resources */,
				5589FD86249485BC00D87E9B /* Assets.xcassets in Resources */,
				55C994FA249553BB0037976F /* card-mastercard.png in Resources */,
				5589FD84249485BA00D87E9B /* Main.storyboard in Resources */,
			);
			runOnlyForDeploymentPostprocessing = 0;
		};
		5589FD8D249485BD00D87E9B /* Resources */ = {
			isa = PBXResourcesBuildPhase;
			buildActionMask = 2147483647;
			files = (
			);
			runOnlyForDeploymentPostprocessing = 0;
		};
/* End PBXResourcesBuildPhase section */

/* Begin PBXSourcesBuildPhase section */
		5589FD75249485BA00D87E9B /* Sources */ = {
			isa = PBXSourcesBuildPhase;
			buildActionMask = 2147483647;
			files = (
				5589FD81249485BA00D87E9B /* ViewController.swift in Sources */,
				5589FD7D249485BA00D87E9B /* AppDelegate.swift in Sources */,
				5589FD7F249485BA00D87E9B /* SceneDelegate.swift in Sources */,
				5589FD9F249488C400D87E9B /* CreditCardUtility.swift in Sources */,
			);
			runOnlyForDeploymentPostprocessing = 0;
		};
		5589FD8B249485BD00D87E9B /* Sources */ = {
			isa = PBXSourcesBuildPhase;
			buildActionMask = 2147483647;
			files = (
				5589FD94249485BD00D87E9B /* ValidationDemoTests.swift in Sources */,
				5560F9F5249498C700B7E0C9 /* CreditCardUtilityTests.swift in Sources */,
			);
			runOnlyForDeploymentPostprocessing = 0;
		};
/* End PBXSourcesBuildPhase section */

/* Begin PBXTargetDependency section */
		5589FD91249485BD00D87E9B /* PBXTargetDependency */ = {
			isa = PBXTargetDependency;
			target = 5589FD78249485BA00D87E9B /* ValidationDemo */;
			targetProxy = 5589FD90249485BD00D87E9B /* PBXContainerItemProxy */;
		};
/* End PBXTargetDependency section */

/* Begin PBXVariantGroup section */
		5589FD82249485BA00D87E9B /* Main.storyboard */ = {
			isa = PBXVariantGroup;
			children = (
				5589FD83249485BA00D87E9B /* Base */,
			);
			name = Main.storyboard;
			sourceTree = "<group>";
		};
		5589FD87249485BC00D87E9B /* LaunchScreen.storyboard */ = {
			isa = PBXVariantGroup;
			children = (
				5589FD88249485BC00D87E9B /* Base */,
			);
			name = LaunchScreen.storyboard;
			sourceTree = "<group>";
		};
/* End PBXVariantGroup section */

/* Begin XCBuildConfiguration section */
		5589FD96249485BD00D87E9B /* Debug */ = {
			isa = XCBuildConfiguration;
			buildSettings = {
				ALWAYS_SEARCH_USER_PATHS = NO;
				CLANG_ANALYZER_NONNULL = YES;
				CLANG_ANALYZER_NUMBER_OBJECT_CONVERSION = YES_AGGRESSIVE;
				CLANG_CXX_LANGUAGE_STANDARD = "gnu++14";
				CLANG_CXX_LIBRARY = "libc++";
				CLANG_ENABLE_MODULES = YES;
				CLANG_ENABLE_OBJC_ARC = YES;
				CLANG_ENABLE_OBJC_WEAK = YES;
				CLANG_WARN_BLOCK_CAPTURE_AUTORELEASING = YES;
				CLANG_WARN_BOOL_CONVERSION = YES;
				CLANG_WARN_COMMA = YES;
				CLANG_WARN_CONSTANT_CONVERSION = YES;
				CLANG_WARN_DEPRECATED_OBJC_IMPLEMENTATIONS = YES;
				CLANG_WARN_DIRECT_OBJC_ISA_USAGE = YES_ERROR;
				CLANG_WARN_DOCUMENTATION_COMMENTS = YES;
				CLANG_WARN_EMPTY_BODY = YES;
				CLANG_WARN_ENUM_CONVERSION = YES;
				CLANG_WARN_INFINITE_RECURSION = YES;
				CLANG_WARN_INT_CONVERSION = YES;
				CLANG_WARN_NON_LITERAL_NULL_CONVERSION = YES;
				CLANG_WARN_OBJC_IMPLICIT_RETAIN_SELF = YES;
				CLANG_WARN_OBJC_LITERAL_CONVERSION = YES;
				CLANG_WARN_OBJC_ROOT_CLASS = YES_ERROR;
				CLANG_WARN_RANGE_LOOP_ANALYSIS = YES;
				CLANG_WARN_STRICT_PROTOTYPES = YES;
				CLANG_WARN_SUSPICIOUS_MOVE = YES;
				CLANG_WARN_UNGUARDED_AVAILABILITY = YES_AGGRESSIVE;
				CLANG_WARN_UNREACHABLE_CODE = YES;
				CLANG_WARN__DUPLICATE_METHOD_MATCH = YES;
				COPY_PHASE_STRIP = NO;
				DEBUG_INFORMATION_FORMAT = dwarf;
				ENABLE_STRICT_OBJC_MSGSEND = YES;
				ENABLE_TESTABILITY = YES;
				GCC_C_LANGUAGE_STANDARD = gnu11;
				GCC_DYNAMIC_NO_PIC = NO;
				GCC_NO_COMMON_BLOCKS = YES;
				GCC_OPTIMIZATION_LEVEL = 0;
				GCC_PREPROCESSOR_DEFINITIONS = (
					"DEBUG=1",
					"$(inherited)",
				);
				GCC_WARN_64_TO_32_BIT_CONVERSION = YES;
				GCC_WARN_ABOUT_RETURN_TYPE = YES_ERROR;
				GCC_WARN_UNDECLARED_SELECTOR = YES;
				GCC_WARN_UNINITIALIZED_AUTOS = YES_AGGRESSIVE;
				GCC_WARN_UNUSED_FUNCTION = YES;
				GCC_WARN_UNUSED_VARIABLE = YES;
				IPHONEOS_DEPLOYMENT_TARGET = 13.5;
				MTL_ENABLE_DEBUG_INFO = INCLUDE_SOURCE;
				MTL_FAST_MATH = YES;
				ONLY_ACTIVE_ARCH = YES;
				SDKROOT = iphoneos;
				SWIFT_ACTIVE_COMPILATION_CONDITIONS = DEBUG;
				SWIFT_OPTIMIZATION_LEVEL = "-Onone";
			};
			name = Debug;
		};
		5589FD97249485BD00D87E9B /* Release */ = {
			isa = XCBuildConfiguration;
			buildSettings = {
				ALWAYS_SEARCH_USER_PATHS = NO;
				CLANG_ANALYZER_NONNULL = YES;
				CLANG_ANALYZER_NUMBER_OBJECT_CONVERSION = YES_AGGRESSIVE;
				CLANG_CXX_LANGUAGE_STANDARD = "gnu++14";
				CLANG_CXX_LIBRARY = "libc++";
				CLANG_ENABLE_MODULES = YES;
				CLANG_ENABLE_OBJC_ARC = YES;
				CLANG_ENABLE_OBJC_WEAK = YES;
				CLANG_WARN_BLOCK_CAPTURE_AUTORELEASING = YES;
				CLANG_WARN_BOOL_CONVERSION = YES;
				CLANG_WARN_COMMA = YES;
				CLANG_WARN_CONSTANT_CONVERSION = YES;
				CLANG_WARN_DEPRECATED_OBJC_IMPLEMENTATIONS = YES;
				CLANG_WARN_DIRECT_OBJC_ISA_USAGE = YES_ERROR;
				CLANG_WARN_DOCUMENTATION_COMMENTS = YES;
				CLANG_WARN_EMPTY_BODY = YES;
				CLANG_WARN_ENUM_CONVERSION = YES;
				CLANG_WARN_INFINITE_RECURSION = YES;
				CLANG_WARN_INT_CONVERSION = YES;
				CLANG_WARN_NON_LITERAL_NULL_CONVERSION = YES;
				CLANG_WARN_OBJC_IMPLICIT_RETAIN_SELF = YES;
				CLANG_WARN_OBJC_LITERAL_CONVERSION = YES;
				CLANG_WARN_OBJC_ROOT_CLASS = YES_ERROR;
				CLANG_WARN_RANGE_LOOP_ANALYSIS = YES;
				CLANG_WARN_STRICT_PROTOTYPES = YES;
				CLANG_WARN_SUSPICIOUS_MOVE = YES;
				CLANG_WARN_UNGUARDED_AVAILABILITY = YES_AGGRESSIVE;
				CLANG_WARN_UNREACHABLE_CODE = YES;
				CLANG_WARN__DUPLICATE_METHOD_MATCH = YES;
				COPY_PHASE_STRIP = NO;
				DEBUG_INFORMATION_FORMAT = "dwarf-with-dsym";
				ENABLE_NS_ASSERTIONS = NO;
				ENABLE_STRICT_OBJC_MSGSEND = YES;
				GCC_C_LANGUAGE_STANDARD = gnu11;
				GCC_NO_COMMON_BLOCKS = YES;
				GCC_WARN_64_TO_32_BIT_CONVERSION = YES;
				GCC_WARN_ABOUT_RETURN_TYPE = YES_ERROR;
				GCC_WARN_UNDECLARED_SELECTOR = YES;
				GCC_WARN_UNINITIALIZED_AUTOS = YES_AGGRESSIVE;
				GCC_WARN_UNUSED_FUNCTION = YES;
				GCC_WARN_UNUSED_VARIABLE = YES;
				IPHONEOS_DEPLOYMENT_TARGET = 13.5;
				MTL_ENABLE_DEBUG_INFO = NO;
				MTL_FAST_MATH = YES;
				SDKROOT = iphoneos;
				SWIFT_COMPILATION_MODE = wholemodule;
				SWIFT_OPTIMIZATION_LEVEL = "-O";
				VALIDATE_PRODUCT = YES;
			};
			name = Release;
		};
		5589FD99249485BD00D87E9B /* Debug */ = {
			isa = XCBuildConfiguration;
			buildSettings = {
				ASSETCATALOG_COMPILER_APPICON_NAME = AppIcon;
				CODE_SIGN_STYLE = Automatic;
				DEVELOPMENT_TEAM = A983637AY3;
				INFOPLIST_FILE = ValidationDemo/Info.plist;
				LD_RUNPATH_SEARCH_PATHS = (
					"$(inherited)",
					"@executable_path/Frameworks",
				);
				PRODUCT_BUNDLE_IDENTIFIER = com.adrianbolinger.ValidationDemo;
				PRODUCT_NAME = "$(TARGET_NAME)";
				SWIFT_VERSION = 5.0;
				TARGETED_DEVICE_FAMILY = "1,2";
			};
			name = Debug;
		};
		5589FD9A249485BD00D87E9B /* Release */ = {
			isa = XCBuildConfiguration;
			buildSettings = {
				ASSETCATALOG_COMPILER_APPICON_NAME = AppIcon;
				CODE_SIGN_STYLE = Automatic;
				DEVELOPMENT_TEAM = A983637AY3;
				INFOPLIST_FILE = ValidationDemo/Info.plist;
				LD_RUNPATH_SEARCH_PATHS = (
					"$(inherited)",
					"@executable_path/Frameworks",
				);
				PRODUCT_BUNDLE_IDENTIFIER = com.adrianbolinger.ValidationDemo;
				PRODUCT_NAME = "$(TARGET_NAME)";
				SWIFT_VERSION = 5.0;
				TARGETED_DEVICE_FAMILY = "1,2";
			};
			name = Release;
		};
		5589FD9C249485BD00D87E9B /* Debug */ = {
			isa = XCBuildConfiguration;
			buildSettings = {
				ALWAYS_EMBED_SWIFT_STANDARD_LIBRARIES = YES;
				BUNDLE_LOADER = "$(TEST_HOST)";
				CODE_SIGN_STYLE = Automatic;
				DEVELOPMENT_TEAM = A983637AY3;
				INFOPLIST_FILE = ValidationDemoTests/Info.plist;
				IPHONEOS_DEPLOYMENT_TARGET = 13.5;
				LD_RUNPATH_SEARCH_PATHS = (
					"$(inherited)",
					"@executable_path/Frameworks",
					"@loader_path/Frameworks",
				);
				PRODUCT_BUNDLE_IDENTIFIER = com.adrianbolinger.ValidationDemoTests;
				PRODUCT_NAME = "$(TARGET_NAME)";
				SWIFT_VERSION = 5.0;
				TARGETED_DEVICE_FAMILY = "1,2";
				TEST_HOST = "$(BUILT_PRODUCTS_DIR)/ValidationDemo.app/ValidationDemo";
			};
			name = Debug;
		};
		5589FD9D249485BD00D87E9B /* Release */ = {
			isa = XCBuildConfiguration;
			buildSettings = {
				ALWAYS_EMBED_SWIFT_STANDARD_LIBRARIES = YES;
				BUNDLE_LOADER = "$(TEST_HOST)";
				CODE_SIGN_STYLE = Automatic;
				DEVELOPMENT_TEAM = A983637AY3;
				INFOPLIST_FILE = ValidationDemoTests/Info.plist;
				IPHONEOS_DEPLOYMENT_TARGET = 13.5;
				LD_RUNPATH_SEARCH_PATHS = (
					"$(inherited)",
					"@executable_path/Frameworks",
					"@loader_path/Frameworks",
				);
				PRODUCT_BUNDLE_IDENTIFIER = com.adrianbolinger.ValidationDemoTests;
				PRODUCT_NAME = "$(TARGET_NAME)";
				SWIFT_VERSION = 5.0;
				TARGETED_DEVICE_FAMILY = "1,2";
				TEST_HOST = "$(BUILT_PRODUCTS_DIR)/ValidationDemo.app/ValidationDemo";
			};
			name = Release;
		};
/* End XCBuildConfiguration section */

/* Begin XCConfigurationList section */
		5589FD74249485BA00D87E9B /* Build configuration list for PBXProject "ValidationDemo" */ = {
			isa = XCConfigurationList;
			buildConfigurations = (
				5589FD96249485BD00D87E9B /* Debug */,
				5589FD97249485BD00D87E9B /* Release */,
			);
			defaultConfigurationIsVisible = 0;
			defaultConfigurationName = Release;
		};
		5589FD98249485BD00D87E9B /* Build configuration list for PBXNativeTarget "ValidationDemo" */ = {
			isa = XCConfigurationList;
			buildConfigurations = (
				5589FD99249485BD00D87E9B /* Debug */,
				5589FD9A249485BD00D87E9B /* Release */,
			);
			defaultConfigurationIsVisible = 0;
			defaultConfigurationName = Release;
		};
		5589FD9B249485BD00D87E9B /* Build configuration list for PBXNativeTarget "ValidationDemoTests" */ = {
			isa = XCConfigurationList;
			buildConfigurations = (
				5589FD9C249485BD00D87E9B /* Debug */,
				5589FD9D249485BD00D87E9B /* Release */,
			);
			defaultConfigurationIsVisible = 0;
			defaultConfigurationName = Release;
		};
/* End XCConfigurationList section */
	};
	rootObject = 5589FD71249485BA00D87E9B /* Project object */;
}
